// !$*UTF8*$!
{
	archiveVersion = 1;
	classes = {
	};
	objectVersion = 46;
	objects = {

/* Begin PBXBuildFile section */
		9A17BDF11D9E1FB70075EF9F /* AppDelegate.swift in Sources */ = {isa = PBXBuildFile; fileRef = 9A17BDF01D9E1FB70075EF9F /* AppDelegate.swift */; };
		9A17BDF31D9E1FB70075EF9F /* ViewController.swift in Sources */ = {isa = PBXBuildFile; fileRef = 9A17BDF21D9E1FB70075EF9F /* ViewController.swift */; };
		9A17BDF91D9E1FB70075EF9F /* Hyphenate_Messenger.xcdatamodeld in Sources */ = {isa = PBXBuildFile; fileRef = 9A17BDF71D9E1FB70075EF9F /* Hyphenate_Messenger.xcdatamodeld */; };
		9A17BDFB1D9E1FB70075EF9F /* Assets.xcassets in Resources */ = {isa = PBXBuildFile; fileRef = 9A17BDFA1D9E1FB70075EF9F /* Assets.xcassets */; };
		9A17BE091D9E1FB70075EF9F /* Hyphenate_MessengerTests.swift in Sources */ = {isa = PBXBuildFile; fileRef = 9A17BE081D9E1FB70075EF9F /* Hyphenate_MessengerTests.swift */; };
		9A17BE141D9E1FB70075EF9F /* Hyphenate_MessengerUITests.swift in Sources */ = {isa = PBXBuildFile; fileRef = 9A17BE131D9E1FB70075EF9F /* Hyphenate_MessengerUITests.swift */; };
		9A17BE2A1D9E20190075EF9F /* LoginViewController.swift in Sources */ = {isa = PBXBuildFile; fileRef = 9A17BE221D9E20190075EF9F /* LoginViewController.swift */; };
		9A17BE2B1D9E20190075EF9F /* MainViewController.swift in Sources */ = {isa = PBXBuildFile; fileRef = 9A17BE231D9E20190075EF9F /* MainViewController.swift */; };
		9A17BE2C1D9E20190075EF9F /* SignupViewController.swift in Sources */ = {isa = PBXBuildFile; fileRef = 9A17BE241D9E20190075EF9F /* SignupViewController.swift */; };
		9A17BE2D1D9E20190075EF9F /* ContactsTableViewController.swift in Sources */ = {isa = PBXBuildFile; fileRef = 9A17BE251D9E20190075EF9F /* ContactsTableViewController.swift */; };
		9A17BE2E1D9E20190075EF9F /* SettingsTableViewController.swift in Sources */ = {isa = PBXBuildFile; fileRef = 9A17BE261D9E20190075EF9F /* SettingsTableViewController.swift */; };
		9A17BE2F1D9E20190075EF9F /* ConversationsTableViewController.swift in Sources */ = {isa = PBXBuildFile; fileRef = 9A17BE271D9E20190075EF9F /* ConversationsTableViewController.swift */; };
		9A17BE301D9E20190075EF9F /* HyphenateMessengerHelper.swift in Sources */ = {isa = PBXBuildFile; fileRef = 9A17BE281D9E20190075EF9F /* HyphenateMessengerHelper.swift */; };
		9A17BE311D9E20190075EF9F /* ChatTableViewController.swift in Sources */ = {isa = PBXBuildFile; fileRef = 9A17BE291D9E20190075EF9F /* ChatTableViewController.swift */; };
		9A17BE331D9E20B30075EF9F /* HyphenateFullSDK.framework in Frameworks */ = {isa = PBXBuildFile; fileRef = 9A17BE321D9E20B30075EF9F /* HyphenateFullSDK.framework */; };
		9A17BE341D9E20B30075EF9F /* HyphenateFullSDK.framework in Embed Frameworks */ = {isa = PBXBuildFile; fileRef = 9A17BE321D9E20B30075EF9F /* HyphenateFullSDK.framework */; settings = {ATTRIBUTES = (CodeSignOnCopy, RemoveHeadersOnCopy, ); }; };
		9A17BE381D9E20CB0075EF9F /* HyphenateTextField.swift in Sources */ = {isa = PBXBuildFile; fileRef = 9A17BE371D9E20CB0075EF9F /* HyphenateTextField.swift */; };
		9A23CBF31D9E256100FACFD7 /* LaunchScreen.storyboard in Resources */ = {isa = PBXBuildFile; fileRef = 9A23CBF21D9E256100FACFD7 /* LaunchScreen.storyboard */; };
		9AFE4D721D9E2731007862CA /* Main.storyboard in Resources */ = {isa = PBXBuildFile; fileRef = 9AFE4D711D9E2731007862CA /* Main.storyboard */; };
/* End PBXBuildFile section */

/* Begin PBXContainerItemProxy section */
		9A17BE051D9E1FB70075EF9F /* PBXContainerItemProxy */ = {
			isa = PBXContainerItemProxy;
			containerPortal = 9A17BDE51D9E1FB70075EF9F /* Project object */;
			proxyType = 1;
			remoteGlobalIDString = 9A17BDEC1D9E1FB70075EF9F;
			remoteInfo = "Hyphenate Messenger";
		};
		9A17BE101D9E1FB70075EF9F /* PBXContainerItemProxy */ = {
			isa = PBXContainerItemProxy;
			containerPortal = 9A17BDE51D9E1FB70075EF9F /* Project object */;
			proxyType = 1;
			remoteGlobalIDString = 9A17BDEC1D9E1FB70075EF9F;
			remoteInfo = "Hyphenate Messenger";
		};
/* End PBXContainerItemProxy section */

/* Begin PBXCopyFilesBuildPhase section */
		9A17BE351D9E20B30075EF9F /* Embed Frameworks */ = {
			isa = PBXCopyFilesBuildPhase;
			buildActionMask = 2147483647;
			dstPath = "";
			dstSubfolderSpec = 10;
			files = (
				9A17BE341D9E20B30075EF9F /* HyphenateFullSDK.framework in Embed Frameworks */,
			);
			name = "Embed Frameworks";
			runOnlyForDeploymentPostprocessing = 0;
		};
/* End PBXCopyFilesBuildPhase section */

/* Begin PBXFileReference section */
		9A17BDED1D9E1FB70075EF9F /* Hyphenate Messenger.app */ = {isa = PBXFileReference; explicitFileType = wrapper.application; includeInIndex = 0; path = "Hyphenate Messenger.app"; sourceTree = BUILT_PRODUCTS_DIR; };
		9A17BDF01D9E1FB70075EF9F /* AppDelegate.swift */ = {isa = PBXFileReference; lastKnownFileType = sourcecode.swift; path = AppDelegate.swift; sourceTree = "<group>"; };
		9A17BDF21D9E1FB70075EF9F /* ViewController.swift */ = {isa = PBXFileReference; lastKnownFileType = sourcecode.swift; path = ViewController.swift; sourceTree = "<group>"; };
		9A17BDF81D9E1FB70075EF9F /* Hyphenate_Messenger.xcdatamodel */ = {isa = PBXFileReference; lastKnownFileType = wrapper.xcdatamodel; path = Hyphenate_Messenger.xcdatamodel; sourceTree = "<group>"; };
		9A17BDFA1D9E1FB70075EF9F /* Assets.xcassets */ = {isa = PBXFileReference; lastKnownFileType = folder.assetcatalog; path = Assets.xcassets; sourceTree = "<group>"; };
		9A17BDFF1D9E1FB70075EF9F /* Info.plist */ = {isa = PBXFileReference; lastKnownFileType = text.plist.xml; path = Info.plist; sourceTree = "<group>"; };
		9A17BE041D9E1FB70075EF9F /* Hyphenate MessengerTests.xctest */ = {isa = PBXFileReference; explicitFileType = wrapper.cfbundle; includeInIndex = 0; path = "Hyphenate MessengerTests.xctest"; sourceTree = BUILT_PRODUCTS_DIR; };
		9A17BE081D9E1FB70075EF9F /* Hyphenate_MessengerTests.swift */ = {isa = PBXFileReference; lastKnownFileType = sourcecode.swift; path = Hyphenate_MessengerTests.swift; sourceTree = "<group>"; };
		9A17BE0A1D9E1FB70075EF9F /* Info.plist */ = {isa = PBXFileReference; lastKnownFileType = text.plist.xml; path = Info.plist; sourceTree = "<group>"; };
		9A17BE0F1D9E1FB70075EF9F /* Hyphenate MessengerUITests.xctest */ = {isa = PBXFileReference; explicitFileType = wrapper.cfbundle; includeInIndex = 0; path = "Hyphenate MessengerUITests.xctest"; sourceTree = BUILT_PRODUCTS_DIR; };
		9A17BE131D9E1FB70075EF9F /* Hyphenate_MessengerUITests.swift */ = {isa = PBXFileReference; lastKnownFileType = sourcecode.swift; path = Hyphenate_MessengerUITests.swift; sourceTree = "<group>"; };
		9A17BE151D9E1FB70075EF9F /* Info.plist */ = {isa = PBXFileReference; lastKnownFileType = text.plist.xml; path = Info.plist; sourceTree = "<group>"; };
		9A17BE221D9E20190075EF9F /* LoginViewController.swift */ = {isa = PBXFileReference; fileEncoding = 4; lastKnownFileType = sourcecode.swift; path = LoginViewController.swift; sourceTree = "<group>"; };
		9A17BE231D9E20190075EF9F /* MainViewController.swift */ = {isa = PBXFileReference; fileEncoding = 4; lastKnownFileType = sourcecode.swift; path = MainViewController.swift; sourceTree = "<group>"; };
		9A17BE241D9E20190075EF9F /* SignupViewController.swift */ = {isa = PBXFileReference; fileEncoding = 4; lastKnownFileType = sourcecode.swift; path = SignupViewController.swift; sourceTree = "<group>"; };
		9A17BE251D9E20190075EF9F /* ContactsTableViewController.swift */ = {isa = PBXFileReference; fileEncoding = 4; lastKnownFileType = sourcecode.swift; path = ContactsTableViewController.swift; sourceTree = "<group>"; };
		9A17BE261D9E20190075EF9F /* SettingsTableViewController.swift */ = {isa = PBXFileReference; fileEncoding = 4; lastKnownFileType = sourcecode.swift; path = SettingsTableViewController.swift; sourceTree = "<group>"; };
		9A17BE271D9E20190075EF9F /* ConversationsTableViewController.swift */ = {isa = PBXFileReference; fileEncoding = 4; lastKnownFileType = sourcecode.swift; path = ConversationsTableViewController.swift; sourceTree = "<group>"; };
		9A17BE281D9E20190075EF9F /* HyphenateMessengerHelper.swift */ = {isa = PBXFileReference; fileEncoding = 4; lastKnownFileType = sourcecode.swift; path = HyphenateMessengerHelper.swift; sourceTree = "<group>"; };
		9A17BE291D9E20190075EF9F /* ChatTableViewController.swift */ = {isa = PBXFileReference; fileEncoding = 4; lastKnownFileType = sourcecode.swift; path = ChatTableViewController.swift; sourceTree = "<group>"; };
		9A17BE321D9E20B30075EF9F /* HyphenateFullSDK.framework */ = {isa = PBXFileReference; lastKnownFileType = wrapper.framework; path = HyphenateFullSDK.framework; sourceTree = "<group>"; };
		9A17BE371D9E20CB0075EF9F /* HyphenateTextField.swift */ = {isa = PBXFileReference; fileEncoding = 4; lastKnownFileType = sourcecode.swift; path = HyphenateTextField.swift; sourceTree = "<group>"; };
		9A23CBF21D9E256100FACFD7 /* LaunchScreen.storyboard */ = {isa = PBXFileReference; fileEncoding = 4; lastKnownFileType = file.storyboard; name = LaunchScreen.storyboard; path = ../LaunchScreen.storyboard; sourceTree = "<group>"; };
		9AFE4D711D9E2731007862CA /* Main.storyboard */ = {isa = PBXFileReference; fileEncoding = 4; lastKnownFileType = file.storyboard; path = Main.storyboard; sourceTree = "<group>"; };
/* End PBXFileReference section */

/* Begin PBXFrameworksBuildPhase section */
		9A17BDEA1D9E1FB70075EF9F /* Frameworks */ = {
			isa = PBXFrameworksBuildPhase;
			buildActionMask = 2147483647;
			files = (
				9A17BE331D9E20B30075EF9F /* HyphenateFullSDK.framework in Frameworks */,
			);
			runOnlyForDeploymentPostprocessing = 0;
		};
		9A17BE011D9E1FB70075EF9F /* Frameworks */ = {
			isa = PBXFrameworksBuildPhase;
			buildActionMask = 2147483647;
			files = (
			);
			runOnlyForDeploymentPostprocessing = 0;
		};
		9A17BE0C1D9E1FB70075EF9F /* Frameworks */ = {
			isa = PBXFrameworksBuildPhase;
			buildActionMask = 2147483647;
			files = (
			);
			runOnlyForDeploymentPostprocessing = 0;
		};
/* End PBXFrameworksBuildPhase section */

/* Begin PBXGroup section */
		9A17BDE41D9E1FB70075EF9F = {
			isa = PBXGroup;
			children = (
				9A17BE321D9E20B30075EF9F /* HyphenateFullSDK.framework */,
				9A17BDEF1D9E1FB70075EF9F /* Hyphenate Messenger */,
				9A17BE071D9E1FB70075EF9F /* Hyphenate MessengerTests */,
				9A17BE121D9E1FB70075EF9F /* Hyphenate MessengerUITests */,
				9A17BDEE1D9E1FB70075EF9F /* Products */,
			);
			sourceTree = "<group>";
		};
		9A17BDEE1D9E1FB70075EF9F /* Products */ = {
			isa = PBXGroup;
			children = (
				9A17BDED1D9E1FB70075EF9F /* Hyphenate Messenger.app */,
				9A17BE041D9E1FB70075EF9F /* Hyphenate MessengerTests.xctest */,
				9A17BE0F1D9E1FB70075EF9F /* Hyphenate MessengerUITests.xctest */,
			);
			name = Products;
			sourceTree = "<group>";
		};
		9A17BDEF1D9E1FB70075EF9F /* Hyphenate Messenger */ = {
			isa = PBXGroup;
			children = (
				9A17BE361D9E20C50075EF9F /* View */,
				9A17BE211D9E200B0075EF9F /* View Controllers */,
				9A17BDF01D9E1FB70075EF9F /* AppDelegate.swift */,
				9A17BDF21D9E1FB70075EF9F /* ViewController.swift */,
				9A17BDFA1D9E1FB70075EF9F /* Assets.xcassets */,
				9A23CBF21D9E256100FACFD7 /* LaunchScreen.storyboard */,
				9AFE4D711D9E2731007862CA /* Main.storyboard */,
				9A17BDFF1D9E1FB70075EF9F /* Info.plist */,
				9A17BDF71D9E1FB70075EF9F /* Hyphenate_Messenger.xcdatamodeld */,
			);
			path = "Hyphenate Messenger";
			sourceTree = "<group>";
		};
		9A17BE071D9E1FB70075EF9F /* Hyphenate MessengerTests */ = {
			isa = PBXGroup;
			children = (
				9A17BE081D9E1FB70075EF9F /* Hyphenate_MessengerTests.swift */,
				9A17BE0A1D9E1FB70075EF9F /* Info.plist */,
			);
			path = "Hyphenate MessengerTests";
			sourceTree = "<group>";
		};
		9A17BE121D9E1FB70075EF9F /* Hyphenate MessengerUITests */ = {
			isa = PBXGroup;
			children = (
				9A17BE131D9E1FB70075EF9F /* Hyphenate_MessengerUITests.swift */,
				9A17BE151D9E1FB70075EF9F /* Info.plist */,
			);
			path = "Hyphenate MessengerUITests";
			sourceTree = "<group>";
		};
		9A17BE211D9E200B0075EF9F /* View Controllers */ = {
			isa = PBXGroup;
			children = (
				9A17BE221D9E20190075EF9F /* LoginViewController.swift */,
				9A17BE231D9E20190075EF9F /* MainViewController.swift */,
				9A17BE241D9E20190075EF9F /* SignupViewController.swift */,
				9A17BE251D9E20190075EF9F /* ContactsTableViewController.swift */,
				9A17BE261D9E20190075EF9F /* SettingsTableViewController.swift */,
				9A17BE271D9E20190075EF9F /* ConversationsTableViewController.swift */,
				9A17BE281D9E20190075EF9F /* HyphenateMessengerHelper.swift */,
				9A17BE291D9E20190075EF9F /* ChatTableViewController.swift */,
			);
			name = "View Controllers";
			sourceTree = "<group>";
		};
		9A17BE361D9E20C50075EF9F /* View */ = {
			isa = PBXGroup;
			children = (
				9A17BE371D9E20CB0075EF9F /* HyphenateTextField.swift */,
			);
			name = View;
			sourceTree = "<group>";
		};
/* End PBXGroup section */

/* Begin PBXNativeTarget section */
		9A17BDEC1D9E1FB70075EF9F /* Hyphenate Messenger */ = {
			isa = PBXNativeTarget;
			buildConfigurationList = 9A17BE181D9E1FB70075EF9F /* Build configuration list for PBXNativeTarget "Hyphenate Messenger" */;
			buildPhases = (
				9A17BDE91D9E1FB70075EF9F /* Sources */,
				9A17BDEA1D9E1FB70075EF9F /* Frameworks */,
				9A17BDEB1D9E1FB70075EF9F /* Resources */,
				9A17BE351D9E20B30075EF9F /* Embed Frameworks */,
			);
			buildRules = (
			);
			dependencies = (
			);
			name = "Hyphenate Messenger";
			productName = "Hyphenate Messenger";
			productReference = 9A17BDED1D9E1FB70075EF9F /* Hyphenate Messenger.app */;
			productType = "com.apple.product-type.application";
		};
		9A17BE031D9E1FB70075EF9F /* Hyphenate MessengerTests */ = {
			isa = PBXNativeTarget;
			buildConfigurationList = 9A17BE1B1D9E1FB70075EF9F /* Build configuration list for PBXNativeTarget "Hyphenate MessengerTests" */;
			buildPhases = (
				9A17BE001D9E1FB70075EF9F /* Sources */,
				9A17BE011D9E1FB70075EF9F /* Frameworks */,
				9A17BE021D9E1FB70075EF9F /* Resources */,
			);
			buildRules = (
			);
			dependencies = (
				9A17BE061D9E1FB70075EF9F /* PBXTargetDependency */,
			);
			name = "Hyphenate MessengerTests";
			productName = "Hyphenate MessengerTests";
			productReference = 9A17BE041D9E1FB70075EF9F /* Hyphenate MessengerTests.xctest */;
			productType = "com.apple.product-type.bundle.unit-test";
		};
		9A17BE0E1D9E1FB70075EF9F /* Hyphenate MessengerUITests */ = {
			isa = PBXNativeTarget;
			buildConfigurationList = 9A17BE1E1D9E1FB70075EF9F /* Build configuration list for PBXNativeTarget "Hyphenate MessengerUITests" */;
			buildPhases = (
				9A17BE0B1D9E1FB70075EF9F /* Sources */,
				9A17BE0C1D9E1FB70075EF9F /* Frameworks */,
				9A17BE0D1D9E1FB70075EF9F /* Resources */,
			);
			buildRules = (
			);
			dependencies = (
				9A17BE111D9E1FB70075EF9F /* PBXTargetDependency */,
			);
			name = "Hyphenate MessengerUITests";
			productName = "Hyphenate MessengerUITests";
			productReference = 9A17BE0F1D9E1FB70075EF9F /* Hyphenate MessengerUITests.xctest */;
			productType = "com.apple.product-type.bundle.ui-testing";
		};
/* End PBXNativeTarget section */

/* Begin PBXProject section */
		9A17BDE51D9E1FB70075EF9F /* Project object */ = {
			isa = PBXProject;
			attributes = {
				LastSwiftUpdateCheck = 0730;
				LastUpgradeCheck = 0730;
				ORGANIZATIONNAME = "Hyphenate Inc";
				TargetAttributes = {
					9A17BDEC1D9E1FB70075EF9F = {
						CreatedOnToolsVersion = 7.3.1;
					};
					9A17BE031D9E1FB70075EF9F = {
						CreatedOnToolsVersion = 7.3.1;
						TestTargetID = 9A17BDEC1D9E1FB70075EF9F;
					};
					9A17BE0E1D9E1FB70075EF9F = {
						CreatedOnToolsVersion = 7.3.1;
						TestTargetID = 9A17BDEC1D9E1FB70075EF9F;
					};
				};
			};
			buildConfigurationList = 9A17BDE81D9E1FB70075EF9F /* Build configuration list for PBXProject "Hyphenate Messenger" */;
			compatibilityVersion = "Xcode 3.2";
			developmentRegion = English;
			hasScannedForEncodings = 0;
			knownRegions = (
				en,
				Base,
			);
			mainGroup = 9A17BDE41D9E1FB70075EF9F;
			productRefGroup = 9A17BDEE1D9E1FB70075EF9F /* Products */;
			projectDirPath = "";
			projectRoot = "";
			targets = (
				9A17BDEC1D9E1FB70075EF9F /* Hyphenate Messenger */,
				9A17BE031D9E1FB70075EF9F /* Hyphenate MessengerTests */,
				9A17BE0E1D9E1FB70075EF9F /* Hyphenate MessengerUITests */,
			);
		};
/* End PBXProject section */

/* Begin PBXResourcesBuildPhase section */
		9A17BDEB1D9E1FB70075EF9F /* Resources */ = {
			isa = PBXResourcesBuildPhase;
			buildActionMask = 2147483647;
			files = (
				9AFE4D721D9E2731007862CA /* Main.storyboard in Resources */,
				9A23CBF31D9E256100FACFD7 /* LaunchScreen.storyboard in Resources */,
				9A17BDFB1D9E1FB70075EF9F /* Assets.xcassets in Resources */,
			);
			runOnlyForDeploymentPostprocessing = 0;
		};
		9A17BE021D9E1FB70075EF9F /* Resources */ = {
			isa = PBXResourcesBuildPhase;
			buildActionMask = 2147483647;
			files = (
			);
			runOnlyForDeploymentPostprocessing = 0;
		};
		9A17BE0D1D9E1FB70075EF9F /* Resources */ = {
			isa = PBXResourcesBuildPhase;
			buildActionMask = 2147483647;
			files = (
			);
			runOnlyForDeploymentPostprocessing = 0;
		};
/* End PBXResourcesBuildPhase section */

/* Begin PBXSourcesBuildPhase section */
		9A17BDE91D9E1FB70075EF9F /* Sources */ = {
			isa = PBXSourcesBuildPhase;
			buildActionMask = 2147483647;
			files = (
				9A17BE2C1D9E20190075EF9F /* SignupViewController.swift in Sources */,
				9A17BE2A1D9E20190075EF9F /* LoginViewController.swift in Sources */,
				9A17BDF31D9E1FB70075EF9F /* ViewController.swift in Sources */,
				9A17BDF11D9E1FB70075EF9F /* AppDelegate.swift in Sources */,
				9A17BE301D9E20190075EF9F /* HyphenateMessengerHelper.swift in Sources */,
				9A17BE2E1D9E20190075EF9F /* SettingsTableViewController.swift in Sources */,
				9A17BE311D9E20190075EF9F /* ChatTableViewController.swift in Sources */,
				9A17BDF91D9E1FB70075EF9F /* Hyphenate_Messenger.xcdatamodeld in Sources */,
				9A17BE2B1D9E20190075EF9F /* MainViewController.swift in Sources */,
				9A17BE2D1D9E20190075EF9F /* ContactsTableViewController.swift in Sources */,
				9A17BE381D9E20CB0075EF9F /* HyphenateTextField.swift in Sources */,
				9A17BE2F1D9E20190075EF9F /* ConversationsTableViewController.swift in Sources */,
			);
			runOnlyForDeploymentPostprocessing = 0;
		};
		9A17BE001D9E1FB70075EF9F /* Sources */ = {
			isa = PBXSourcesBuildPhase;
			buildActionMask = 2147483647;
			files = (
				9A17BE091D9E1FB70075EF9F /* Hyphenate_MessengerTests.swift in Sources */,
			);
			runOnlyForDeploymentPostprocessing = 0;
		};
		9A17BE0B1D9E1FB70075EF9F /* Sources */ = {
			isa = PBXSourcesBuildPhase;
			buildActionMask = 2147483647;
			files = (
				9A17BE141D9E1FB70075EF9F /* Hyphenate_MessengerUITests.swift in Sources */,
			);
			runOnlyForDeploymentPostprocessing = 0;
		};
/* End PBXSourcesBuildPhase section */

/* Begin PBXTargetDependency section */
		9A17BE061D9E1FB70075EF9F /* PBXTargetDependency */ = {
			isa = PBXTargetDependency;
			target = 9A17BDEC1D9E1FB70075EF9F /* Hyphenate Messenger */;
			targetProxy = 9A17BE051D9E1FB70075EF9F /* PBXContainerItemProxy */;
		};
		9A17BE111D9E1FB70075EF9F /* PBXTargetDependency */ = {
			isa = PBXTargetDependency;
			target = 9A17BDEC1D9E1FB70075EF9F /* Hyphenate Messenger */;
			targetProxy = 9A17BE101D9E1FB70075EF9F /* PBXContainerItemProxy */;
		};
/* End PBXTargetDependency section */

/* Begin XCBuildConfiguration section */
		9A17BE161D9E1FB70075EF9F /* Debug */ = {
			isa = XCBuildConfiguration;
			buildSettings = {
				ALWAYS_SEARCH_USER_PATHS = NO;
				CLANG_ANALYZER_NONNULL = YES;
				CLANG_CXX_LANGUAGE_STANDARD = "gnu++0x";
				CLANG_CXX_LIBRARY = "libc++";
				CLANG_ENABLE_MODULES = YES;
				CLANG_ENABLE_OBJC_ARC = YES;
				CLANG_WARN_BOOL_CONVERSION = YES;
				CLANG_WARN_CONSTANT_CONVERSION = YES;
				CLANG_WARN_DIRECT_OBJC_ISA_USAGE = YES_ERROR;
				CLANG_WARN_EMPTY_BODY = YES;
				CLANG_WARN_ENUM_CONVERSION = YES;
				CLANG_WARN_INT_CONVERSION = YES;
				CLANG_WARN_OBJC_ROOT_CLASS = YES_ERROR;
				CLANG_WARN_UNREACHABLE_CODE = YES;
				CLANG_WARN__DUPLICATE_METHOD_MATCH = YES;
				"CODE_SIGN_IDENTITY[sdk=iphoneos*]" = "iPhone Developer";
				COPY_PHASE_STRIP = NO;
				DEBUG_INFORMATION_FORMAT = dwarf;
				ENABLE_STRICT_OBJC_MSGSEND = YES;
				ENABLE_TESTABILITY = YES;
				GCC_C_LANGUAGE_STANDARD = gnu99;
				GCC_DYNAMIC_NO_PIC = NO;
				GCC_NO_COMMON_BLOCKS = YES;
				GCC_OPTIMIZATION_LEVEL = 0;
				GCC_PREPROCESSOR_DEFINITIONS = (
					"DEBUG=1",
					"$(inherited)",
				);
				GCC_WARN_64_TO_32_BIT_CONVERSION = YES;
				GCC_WARN_ABOUT_RETURN_TYPE = YES_ERROR;
				GCC_WARN_UNDECLARED_SELECTOR = YES;
				GCC_WARN_UNINITIALIZED_AUTOS = YES_AGGRESSIVE;
				GCC_WARN_UNUSED_FUNCTION = YES;
				GCC_WARN_UNUSED_VARIABLE = YES;
				IPHONEOS_DEPLOYMENT_TARGET = 9.3;
				MTL_ENABLE_DEBUG_INFO = YES;
				ONLY_ACTIVE_ARCH = YES;
				SDKROOT = iphoneos;
				SWIFT_OPTIMIZATION_LEVEL = "-Onone";
			};
			name = Debug;
		};
		9A17BE171D9E1FB70075EF9F /* Release */ = {
			isa = XCBuildConfiguration;
			buildSettings = {
				ALWAYS_SEARCH_USER_PATHS = NO;
				CLANG_ANALYZER_NONNULL = YES;
				CLANG_CXX_LANGUAGE_STANDARD = "gnu++0x";
				CLANG_CXX_LIBRARY = "libc++";
				CLANG_ENABLE_MODULES = YES;
				CLANG_ENABLE_OBJC_ARC = YES;
				CLANG_WARN_BOOL_CONVERSION = YES;
				CLANG_WARN_CONSTANT_CONVERSION = YES;
				CLANG_WARN_DIRECT_OBJC_ISA_USAGE = YES_ERROR;
				CLANG_WARN_EMPTY_BODY = YES;
				CLANG_WARN_ENUM_CONVERSION = YES;
				CLANG_WARN_INT_CONVERSION = YES;
				CLANG_WARN_OBJC_ROOT_CLASS = YES_ERROR;
				CLANG_WARN_UNREACHABLE_CODE = YES;
				CLANG_WARN__DUPLICATE_METHOD_MATCH = YES;
				"CODE_SIGN_IDENTITY[sdk=iphoneos*]" = "iPhone Developer";
				COPY_PHASE_STRIP = NO;
				DEBUG_INFORMATION_FORMAT = "dwarf-with-dsym";
				ENABLE_NS_ASSERTIONS = NO;
				ENABLE_STRICT_OBJC_MSGSEND = YES;
				GCC_C_LANGUAGE_STANDARD = gnu99;
				GCC_NO_COMMON_BLOCKS = YES;
				GCC_WARN_64_TO_32_BIT_CONVERSION = YES;
				GCC_WARN_ABOUT_RETURN_TYPE = YES_ERROR;
				GCC_WARN_UNDECLARED_SELECTOR = YES;
				GCC_WARN_UNINITIALIZED_AUTOS = YES_AGGRESSIVE;
				GCC_WARN_UNUSED_FUNCTION = YES;
				GCC_WARN_UNUSED_VARIABLE = YES;
				IPHONEOS_DEPLOYMENT_TARGET = 9.3;
				MTL_ENABLE_DEBUG_INFO = NO;
				SDKROOT = iphoneos;
				VALIDATE_PRODUCT = YES;
			};
			name = Release;
		};
		9A17BE191D9E1FB70075EF9F /* Debug */ = {
			isa = XCBuildConfiguration;
			buildSettings = {
				ASSETCATALOG_COMPILER_APPICON_NAME = AppIcon;
				FRAMEWORK_SEARCH_PATHS = (
					"$(inherited)",
					"$(PROJECT_DIR)",
				);
				INFOPLIST_FILE = "Hyphenate Messenger/Info.plist";
				LD_RUNPATH_SEARCH_PATHS = "$(inherited) @executable_path/Frameworks";
				PRODUCT_BUNDLE_IDENTIFIER = "io.hyphenate.messenger.Hyphenate-Messenger";
				PRODUCT_NAME = "$(TARGET_NAME)";
			};
			name = Debug;
		};
		9A17BE1A1D9E1FB70075EF9F /* Release */ = {
			isa = XCBuildConfiguration;
			buildSettings = {
				ASSETCATALOG_COMPILER_APPICON_NAME = AppIcon;
				FRAMEWORK_SEARCH_PATHS = (
					"$(inherited)",
					"$(PROJECT_DIR)",
				);
				INFOPLIST_FILE = "Hyphenate Messenger/Info.plist";
				LD_RUNPATH_SEARCH_PATHS = "$(inherited) @executable_path/Frameworks";
				PRODUCT_BUNDLE_IDENTIFIER = "io.hyphenate.messenger.Hyphenate-Messenger";
				PRODUCT_NAME = "$(TARGET_NAME)";
			};
			name = Release;
		};
		9A17BE1C1D9E1FB70075EF9F /* Debug */ = {
			isa = XCBuildConfiguration;
			buildSettings = {
				BUNDLE_LOADER = "$(TEST_HOST)";
				INFOPLIST_FILE = "Hyphenate MessengerTests/Info.plist";
				LD_RUNPATH_SEARCH_PATHS = "$(inherited) @executable_path/Frameworks @loader_path/Frameworks";
				PRODUCT_BUNDLE_IDENTIFIER = "io.hyphenate.messenger.Hyphenate-MessengerTests";
				PRODUCT_NAME = "$(TARGET_NAME)";
				TEST_HOST = "$(BUILT_PRODUCTS_DIR)/Hyphenate Messenger.app/Hyphenate Messenger";
			};
			name = Debug;
		};
		9A17BE1D1D9E1FB70075EF9F /* Release */ = {
			isa = XCBuildConfiguration;
			buildSettings = {
				BUNDLE_LOADER = "$(TEST_HOST)";
				INFOPLIST_FILE = "Hyphenate MessengerTests/Info.plist";
				LD_RUNPATH_SEARCH_PATHS = "$(inherited) @executable_path/Frameworks @loader_path/Frameworks";
				PRODUCT_BUNDLE_IDENTIFIER = "io.hyphenate.messenger.Hyphenate-MessengerTests";
				PRODUCT_NAME = "$(TARGET_NAME)";
				TEST_HOST = "$(BUILT_PRODUCTS_DIR)/Hyphenate Messenger.app/Hyphenate Messenger";
			};
			name = Release;
		};
		9A17BE1F1D9E1FB70075EF9F /* Debug */ = {
			isa = XCBuildConfiguration;
			buildSettings = {
				INFOPLIST_FILE = "Hyphenate MessengerUITests/Info.plist";
				LD_RUNPATH_SEARCH_PATHS = "$(inherited) @executable_path/Frameworks @loader_path/Frameworks";
				PRODUCT_BUNDLE_IDENTIFIER = "io.hyphenate.messenger.Hyphenate-MessengerUITests";
				PRODUCT_NAME = "$(TARGET_NAME)";
				TEST_TARGET_NAME = "Hyphenate Messenger";
			};
			name = Debug;
		};
		9A17BE201D9E1FB70075EF9F /* Release */ = {
			isa = XCBuildConfiguration;
			buildSettings = {
				INFOPLIST_FILE = "Hyphenate MessengerUITests/Info.plist";
				LD_RUNPATH_SEARCH_PATHS = "$(inherited) @executable_path/Frameworks @loader_path/Frameworks";
				PRODUCT_BUNDLE_IDENTIFIER = "io.hyphenate.messenger.Hyphenate-MessengerUITests";
				PRODUCT_NAME = "$(TARGET_NAME)";
				TEST_TARGET_NAME = "Hyphenate Messenger";
			};
			name = Release;
		};
/* End XCBuildConfiguration section */

/* Begin XCConfigurationList section */
		9A17BDE81D9E1FB70075EF9F /* Build configuration list for PBXProject "Hyphenate Messenger" */ = {
			isa = XCConfigurationList;
			buildConfigurations = (
				9A17BE161D9E1FB70075EF9F /* Debug */,
				9A17BE171D9E1FB70075EF9F /* Release */,
			);
			defaultConfigurationIsVisible = 0;
			defaultConfigurationName = Release;
		};
		9A17BE181D9E1FB70075EF9F /* Build configuration list for PBXNativeTarget "Hyphenate Messenger" */ = {
			isa = XCConfigurationList;
			buildConfigurations = (
				9A17BE191D9E1FB70075EF9F /* Debug */,
				9A17BE1A1D9E1FB70075EF9F /* Release */,
			);
			defaultConfigurationIsVisible = 0;
			defaultConfigurationName = Release;
		};
		9A17BE1B1D9E1FB70075EF9F /* Build configuration list for PBXNativeTarget "Hyphenate MessengerTests" */ = {
			isa = XCConfigurationList;
			buildConfigurations = (
				9A17BE1C1D9E1FB70075EF9F /* Debug */,
				9A17BE1D1D9E1FB70075EF9F /* Release */,
			);
			defaultConfigurationIsVisible = 0;
			defaultConfigurationName = Release;
		};
		9A17BE1E1D9E1FB70075EF9F /* Build configuration list for PBXNativeTarget "Hyphenate MessengerUITests" */ = {
			isa = XCConfigurationList;
			buildConfigurations = (
				9A17BE1F1D9E1FB70075EF9F /* Debug */,
				9A17BE201D9E1FB70075EF9F /* Release */,
			);
			defaultConfigurationIsVisible = 0;
			defaultConfigurationName = Release;
		};
/* End XCConfigurationList section */

/* Begin XCVersionGroup section */
		9A17BDF71D9E1FB70075EF9F /* Hyphenate_Messenger.xcdatamodeld */ = {
			isa = XCVersionGroup;
			children = (
				9A17BDF81D9E1FB70075EF9F /* Hyphenate_Messenger.xcdatamodel */,
			);
			currentVersion = 9A17BDF81D9E1FB70075EF9F /* Hyphenate_Messenger.xcdatamodel */;
			path = Hyphenate_Messenger.xcdatamodeld;
			sourceTree = "<group>";
			versionGroupType = wrapper.xcdatamodel;
		};
/* End XCVersionGroup section */
	};
	rootObject = 9A17BDE51D9E1FB70075EF9F /* Project object */;
}
